
Microsoft Visual Studio Solution File, Format Version 12.00
# Visual Studio Version 16
VisualStudioVersion = 16.0.30523.141
MinimumVisualStudioVersion = 10.0.40219.1
Project("{FAE04EC0-301F-11D3-BF4B-00C04F79EFBC}") = "FootballTestTask", "FootballTestTask\FootballTestTask.csproj", "{D2815BEB-BA09-477C-A704-637CDA622692}"
EndProject
Global
	GlobalSection(SolutionConfigurationPlatforms) = preSolution
		Debug|Any CPU = Debug|Any CPU
		Release|Any CPU = Release|Any CPU
	EndGlobalSection
	GlobalSection(ProjectConfigurationPlatforms) = postSolution
		{D2815BEB-BA09-477C-A704-637CDA622692}.Debug|Any CPU.ActiveCfg = Debug|Any CPU
		{D2815BEB-BA09-477C-A704-637CDA622692}.Debug|Any CPU.Build.0 = Debug|Any CPU
		{D2815BEB-BA09-477C-A704-637CDA622692}.Release|Any CPU.ActiveCfg = Release|Any CPU
		{D2815BEB-BA09-477C-A704-637CDA622692}.Release|Any CPU.Build.0 = Release|Any CPU
	EndGlobalSection
	GlobalSection(SolutionProperties) = preSolution
		HideSolutionNode = FALSE
	EndGlobalSection
	GlobalSection(ExtensibilityGlobals) = postSolution
		SolutionGuid = {C06F77E3-C7DD-4094-AD30-C0F97AF1D37E}
	EndGlobalSection
EndGlobal
